PODS:
  - JExpandableTableView (0.1.0)
  - SVProgressHUD (2.1.2)

DEPENDENCIES:
  - JExpandableTableView (from `../`)
  - SVProgressHUD (~> 2.0)

EXTERNAL SOURCES:
  JExpandableTableView:
    :path: "../"

SPEC CHECKSUMS:
  JExpandableTableView: d372aaa027f9904c4067a371e08c4c4363931b13
  SVProgressHUD: c404a55d78acbeb7ebb78b76d3faf986475a6994

PODFILE CHECKSUM: 9cac257abdcb7fa799e2f537fa64ce0b4d7d4766

COCOAPODS: 1.1.1
